// !$*UTF8*$!
{
	archiveVersion = 1;
	classes = {
	};
	objectVersion = 77;
	objects = {

/* Begin PBXContainerItemProxy section */
		C4A4708E2D36DDE700A9F0A4 /* PBXContainerItemProxy */ = {
			isa = PBXContainerItemProxy;
			containerPortal = C4A470752D36DDE500A9F0A4 /* Project object */;
			proxyType = 1;
			remoteGlobalIDString = C4A4707C2D36DDE500A9F0A4;
			remoteInfo = "TRICARE West";
		};
		C4A470982D36DDE700A9F0A4 /* PBXContainerItemProxy */ = {
			isa = PBXContainerItemProxy;
			containerPortal = C4A470752D36DDE500A9F0A4 /* Project object */;
			proxyType = 1;
			remoteGlobalIDString = C4A4707C2D36DDE500A9F0A4;
			remoteInfo = "TRICARE West";
		};
/* End PBXContainerItemProxy section */

/* Begin PBXFileReference section */
		C4A4707D2D36DDE500A9F0A4 /* TRICARE West.app */ = {isa = PBXFileReference; explicitFileType = wrapper.application; includeInIndex = 0; path = "TRICARE West.app"; sourceTree = BUILT_PRODUCTS_DIR; };
		C4A4708D2D36DDE700A9F0A4 /* TRICARE WestTests.xctest */ = {isa = PBXFileReference; explicitFileType = wrapper.cfbundle; includeInIndex = 0; path = "TRICARE WestTests.xctest"; sourceTree = BUILT_PRODUCTS_DIR; };
		C4A470972D36DDE700A9F0A4 /* TRICARE WestUITests.xctest */ = {isa = PBXFileReference; explicitFileType = wrapper.cfbundle; includeInIndex = 0; path = "TRICARE WestUITests.xctest"; sourceTree = BUILT_PRODUCTS_DIR; };
/* End PBXFileReference section */

/* Begin PBXFileSystemSynchronizedRootGroup section */
		C4A4707F2D36DDE500A9F0A4 /* TRICARE West */ = {
			isa = PBXFileSystemSynchronizedRootGroup;
			path = "TRICARE West";
			sourceTree = "<group>";
		};
		C4A470902D36DDE700A9F0A4 /* TRICARE WestTests */ = {
			isa = PBXFileSystemSynchronizedRootGroup;
			path = "TRICARE WestTests";
			sourceTree = "<group>";
		};
		C4A4709A2D36DDE700A9F0A4 /* TRICARE WestUITests */ = {
			isa = PBXFileSystemSynchronizedRootGroup;
			path = "TRICARE WestUITests";
			sourceTree = "<group>";
		};
/* End PBXFileSystemSynchronizedRootGroup section */

/* Begin PBXFrameworksBuildPhase section */
		C4A4707A2D36DDE500A9F0A4 /* Frameworks */ = {
			isa = PBXFrameworksBuildPhase;
			buildActionMask = 2147483647;
			files = (
			);
			runOnlyForDeploymentPostprocessing = 0;
		};
		C4A4708A2D36DDE700A9F0A4 /* Frameworks */ = {
			isa = PBXFrameworksBuildPhase;
			buildActionMask = 2147483647;
			files = (
			);
			runOnlyForDeploymentPostprocessing = 0;
		};
		C4A470942D36DDE700A9F0A4 /* Frameworks */ = {
			isa = PBXFrameworksBuildPhase;
			buildActionMask = 2147483647;
			files = (
			);
			runOnlyForDeploymentPostprocessing = 0;
		};
/* End PBXFrameworksBuildPhase section */

/* Begin PBXGroup section */
		C4A470742D36DDE500A9F0A4 = {
			isa = PBXGroup;
			children = (
				C4A4707F2D36DDE500A9F0A4 /* TRICARE West */,
				C4A470902D36DDE700A9F0A4 /* TRICARE WestTests */,
				C4A4709A2D36DDE700A9F0A4 /* TRICARE WestUITests */,
				C4A4707E2D36DDE500A9F0A4 /* Products */,
			);
			sourceTree = "<group>";
		};
		C4A4707E2D36DDE500A9F0A4 /* Products */ = {
			isa = PBXGroup;
			children = (
				C4A4707D2D36DDE500A9F0A4 /* TRICARE West.app */,
				C4A4708D2D36DDE700A9F0A4 /* TRICARE WestTests.xctest */,
				C4A470972D36DDE700A9F0A4 /* TRICARE WestUITests.xctest */,
			);
			name = Products;
			sourceTree = "<group>";
		};
/* End PBXGroup section */

/* Begin PBXNativeTarget section */
		C4A4707C2D36DDE500A9F0A4 /* TRICARE West */ = {
			isa = PBXNativeTarget;
			buildConfigurationList = C4A470A12D36DDE700A9F0A4 /* Build configuration list for PBXNativeTarget "TRICARE West" */;
			buildPhases = (
				C4A470792D36DDE500A9F0A4 /* Sources */,
				C4A4707A2D36DDE500A9F0A4 /* Frameworks */,
				C4A4707B2D36DDE500A9F0A4 /* Resources */,
			);
			buildRules = (
			);
			dependencies = (
			);
			fileSystemSynchronizedGroups = (
				C4A4707F2D36DDE500A9F0A4 /* TRICARE West */,
			);
			name = "TRICARE West";
			packageProductDependencies = (
			);
			productName = "TRICARE West";
			productReference = C4A4707D2D36DDE500A9F0A4 /* TRICARE West.app */;
			productType = "com.apple.product-type.application";
		};
		C4A4708C2D36DDE700A9F0A4 /* TRICARE WestTests */ = {
			isa = PBXNativeTarget;
			buildConfigurationList = C4A470A42D36DDE700A9F0A4 /* Build configuration list for PBXNativeTarget "TRICARE WestTests" */;
			buildPhases = (
				C4A470892D36DDE700A9F0A4 /* Sources */,
				C4A4708A2D36DDE700A9F0A4 /* Frameworks */,
				C4A4708B2D36DDE700A9F0A4 /* Resources */,
			);
			buildRules = (
			);
			dependencies = (
				C4A4708F2D36DDE700A9F0A4 /* PBXTargetDependency */,
			);
			fileSystemSynchronizedGroups = (
				C4A470902D36DDE700A9F0A4 /* TRICARE WestTests */,
			);
			name = "TRICARE WestTests";
			packageProductDependencies = (
			);
			productName = "TRICARE WestTests";
			productReference = C4A4708D2D36DDE700A9F0A4 /* TRICARE WestTests.xctest */;
			productType = "com.apple.product-type.bundle.unit-test";
		};
		C4A470962D36DDE700A9F0A4 /* TRICARE WestUITests */ = {
			isa = PBXNativeTarget;
			buildConfigurationList = C4A470A72D36DDE700A9F0A4 /* Build configuration list for PBXNativeTarget "TRICARE WestUITests" */;
			buildPhases = (
				C4A470932D36DDE700A9F0A4 /* Sources */,
				C4A470942D36DDE700A9F0A4 /* Frameworks */,
				C4A470952D36DDE700A9F0A4 /* Resources */,
			);
			buildRules = (
			);
			dependencies = (
				C4A470992D36DDE700A9F0A4 /* PBXTargetDependency */,
			);
			fileSystemSynchronizedGroups = (
				C4A4709A2D36DDE700A9F0A4 /* TRICARE WestUITests */,
			);
			name = "TRICARE WestUITests";
			packageProductDependencies = (
			);
			productName = "TRICARE WestUITests";
			productReference = C4A470972D36DDE700A9F0A4 /* TRICARE WestUITests.xctest */;
			productType = "com.apple.product-type.bundle.ui-testing";
		};
/* End PBXNativeTarget section */

/* Begin PBXProject section */
		C4A470752D36DDE500A9F0A4 /* Project object */ = {
			isa = PBXProject;
			attributes = {
				BuildIndependentTargetsInParallel = 1;
				LastSwiftUpdateCheck = 1620;
				LastUpgradeCheck = 1620;
				TargetAttributes = {
					C4A4707C2D36DDE500A9F0A4 = {
						CreatedOnToolsVersion = 16.2;
					};
					C4A4708C2D36DDE700A9F0A4 = {
						CreatedOnToolsVersion = 16.2;
						TestTargetID = C4A4707C2D36DDE500A9F0A4;
					};
					C4A470962D36DDE700A9F0A4 = {
						CreatedOnToolsVersion = 16.2;
						TestTargetID = C4A4707C2D36DDE500A9F0A4;
					};
				};
			};
			buildConfigurationList = C4A470782D36DDE500A9F0A4 /* Build configuration list for PBXProject "TRICARE West" */;
			developmentRegion = en;
			hasScannedForEncodings = 0;
			knownRegions = (
				en,
				Base,
			);
			mainGroup = C4A470742D36DDE500A9F0A4;
			minimizedProjectReferenceProxies = 1;
			preferredProjectObjectVersion = 77;
			productRefGroup = C4A4707E2D36DDE500A9F0A4 /* Products */;
			projectDirPath = "";
			projectRoot = "";
			targets = (
				C4A4707C2D36DDE500A9F0A4 /* TRICARE West */,
				C4A4708C2D36DDE700A9F0A4 /* TRICARE WestTests */,
				C4A470962D36DDE700A9F0A4 /* TRICARE WestUITests */,
			);
		};
/* End PBXProject section */

/* Begin PBXResourcesBuildPhase section */
		C4A4707B2D36DDE500A9F0A4 /* Resources */ = {
			isa = PBXResourcesBuildPhase;
			buildActionMask = 2147483647;
			files = (
			);
			runOnlyForDeploymentPostprocessing = 0;
		};
		C4A4708B2D36DDE700A9F0A4 /* Resources */ = {
			isa = PBXResourcesBuildPhase;
			buildActionMask = 2147483647;
			files = (
			);
			runOnlyForDeploymentPostprocessing = 0;
		};
		C4A470952D36DDE700A9F0A4 /* Resources */ = {
			isa = PBXResourcesBuildPhase;
			buildActionMask = 2147483647;
			files = (
			);
			runOnlyForDeploymentPostprocessing = 0;
		};
/* End PBXResourcesBuildPhase section */

/* Begin PBXSourcesBuildPhase section */
		C4A470792D36DDE500A9F0A4 /* Sources */ = {
			isa = PBXSourcesBuildPhase;
			buildActionMask = 2147483647;
			files = (
			);
			runOnlyForDeploymentPostprocessing = 0;
		};
		C4A470892D36DDE700A9F0A4 /* Sources */ = {
			isa = PBXSourcesBuildPhase;
			buildActionMask = 2147483647;
			files = (
			);
			runOnlyForDeploymentPostprocessing = 0;
		};
		C4A470932D36DDE700A9F0A4 /* Sources */ = {
			isa = PBXSourcesBuildPhase;
			buildActionMask = 2147483647;
			files = (
			);
			runOnlyForDeploymentPostprocessing = 0;
		};
/* End PBXSourcesBuildPhase section */

/* Begin PBXTargetDependency section */
		C4A4708F2D36DDE700A9F0A4 /* PBXTargetDependency */ = {
			isa = PBXTargetDependency;
			target = C4A4707C2D36DDE500A9F0A4 /* TRICARE West */;
			targetProxy = C4A4708E2D36DDE700A9F0A4 /* PBXContainerItemProxy */;
		};
		C4A470992D36DDE700A9F0A4 /* PBXTargetDependency */ = {
			isa = PBXTargetDependency;
			target = C4A4707C2D36DDE500A9F0A4 /* TRICARE West */;
			targetProxy = C4A470982D36DDE700A9F0A4 /* PBXContainerItemProxy */;
		};
/* End PBXTargetDependency section */

/* Begin XCBuildConfiguration section */
		C4A4709F2D36DDE700A9F0A4 /* Debug */ = {
			isa = XCBuildConfiguration;
			buildSettings = {
				ALWAYS_SEARCH_USER_PATHS = NO;
				ASSETCATALOG_COMPILER_GENERATE_SWIFT_ASSET_SYMBOL_EXTENSIONS = YES;
				CLANG_ANALYZER_NONNULL = YES;
				CLANG_ANALYZER_NUMBER_OBJECT_CONVERSION = YES_AGGRESSIVE;
				CLANG_CXX_LANGUAGE_STANDARD = "gnu++20";
				CLANG_ENABLE_MODULES = YES;
				CLANG_ENABLE_OBJC_ARC = YES;
				CLANG_ENABLE_OBJC_WEAK = YES;
				CLANG_WARN_BLOCK_CAPTURE_AUTORELEASING = YES;
				CLANG_WARN_BOOL_CONVERSION = YES;
				CLANG_WARN_COMMA = YES;
				CLANG_WARN_CONSTANT_CONVERSION = YES;
				CLANG_WARN_DEPRECATED_OBJC_IMPLEMENTATIONS = YES;
				CLANG_WARN_DIRECT_OBJC_ISA_USAGE = YES_ERROR;
				CLANG_WARN_DOCUMENTATION_COMMENTS = YES;
				CLANG_WARN_EMPTY_BODY = YES;
				CLANG_WARN_ENUM_CONVERSION = YES;
				CLANG_WARN_INFINITE_RECURSION = YES;
				CLANG_WARN_INT_CONVERSION = YES;
				CLANG_WARN_NON_LITERAL_NULL_CONVERSION = YES;
				CLANG_WARN_OBJC_IMPLICIT_RETAIN_SELF = YES;
				CLANG_WARN_OBJC_LITERAL_CONVERSION = YES;
				CLANG_WARN_OBJC_ROOT_CLASS = YES_ERROR;
				CLANG_WARN_QUOTED_INCLUDE_IN_FRAMEWORK_HEADER = YES;
				CLANG_WARN_RANGE_LOOP_ANALYSIS = YES;
				CLANG_WARN_STRICT_PROTOTYPES = YES;
				CLANG_WARN_SUSPICIOUS_MOVE = YES;
				CLANG_WARN_UNGUARDED_AVAILABILITY = YES_AGGRESSIVE;
				CLANG_WARN_UNREACHABLE_CODE = YES;
				CLANG_WARN__DUPLICATE_METHOD_MATCH = YES;
				COPY_PHASE_STRIP = NO;
				DEBUG_INFORMATION_FORMAT = dwarf;
				ENABLE_STRICT_OBJC_MSGSEND = YES;
				ENABLE_TESTABILITY = YES;
				ENABLE_USER_SCRIPT_SANDBOXING = YES;
				GCC_C_LANGUAGE_STANDARD = gnu17;
				GCC_DYNAMIC_NO_PIC = NO;
				GCC_NO_COMMON_BLOCKS = YES;
				GCC_OPTIMIZATION_LEVEL = 0;
				GCC_PREPROCESSOR_DEFINITIONS = (
					"DEBUG=1",
					"$(inherited)",
				);
				GCC_WARN_64_TO_32_BIT_CONVERSION = YES;
				GCC_WARN_ABOUT_RETURN_TYPE = YES_ERROR;
				GCC_WARN_UNDECLARED_SELECTOR = YES;
				GCC_WARN_UNINITIALIZED_AUTOS = YES_AGGRESSIVE;
				GCC_WARN_UNUSED_FUNCTION = YES;
				GCC_WARN_UNUSED_VARIABLE = YES;
				IPHONEOS_DEPLOYMENT_TARGET = 18.2;
				LOCALIZATION_PREFERS_STRING_CATALOGS = YES;
				MTL_ENABLE_DEBUG_INFO = INCLUDE_SOURCE;
				MTL_FAST_MATH = YES;
				ONLY_ACTIVE_ARCH = YES;
				SDKROOT = iphoneos;
				SWIFT_ACTIVE_COMPILATION_CONDITIONS = "DEBUG $(inherited)";
				SWIFT_OPTIMIZATION_LEVEL = "-Onone";
			};
			name = Debug;
		};
		C4A470A02D36DDE700A9F0A4 /* Release */ = {
			isa = XCBuildConfiguration;
			buildSettings = {
				ALWAYS_SEARCH_USER_PATHS = NO;
				ASSETCATALOG_COMPILER_GENERATE_SWIFT_ASSET_SYMBOL_EXTENSIONS = YES;
				CLANG_ANALYZER_NONNULL = YES;
				CLANG_ANALYZER_NUMBER_OBJECT_CONVERSION = YES_AGGRESSIVE;
				CLANG_CXX_LANGUAGE_STANDARD = "gnu++20";
				CLANG_ENABLE_MODULES = YES;
				CLANG_ENABLE_OBJC_ARC = YES;
				CLANG_ENABLE_OBJC_WEAK = YES;
				CLANG_WARN_BLOCK_CAPTURE_AUTORELEASING = YES;
				CLANG_WARN_BOOL_CONVERSION = YES;
				CLANG_WARN_COMMA = YES;
				CLANG_WARN_CONSTANT_CONVERSION = YES;
				CLANG_WARN_DEPRECATED_OBJC_IMPLEMENTATIONS = YES;
				CLANG_WARN_DIRECT_OBJC_ISA_USAGE = YES_ERROR;
				CLANG_WARN_DOCUMENTATION_COMMENTS = YES;
				CLANG_WARN_EMPTY_BODY = YES;
				CLANG_WARN_ENUM_CONVERSION = YES;
				CLANG_WARN_INFINITE_RECURSION = YES;
				CLANG_WARN_INT_CONVERSION = YES;
				CLANG_WARN_NON_LITERAL_NULL_CONVERSION = YES;
				CLANG_WARN_OBJC_IMPLICIT_RETAIN_SELF = YES;
				CLANG_WARN_OBJC_LITERAL_CONVERSION = YES;
				CLANG_WARN_OBJC_ROOT_CLASS = YES_ERROR;
				CLANG_WARN_QUOTED_INCLUDE_IN_FRAMEWORK_HEADER = YES;
				CLANG_WARN_RANGE_LOOP_ANALYSIS = YES;
				CLANG_WARN_STRICT_PROTOTYPES = YES;
				CLANG_WARN_SUSPICIOUS_MOVE = YES;
				CLANG_WARN_UNGUARDED_AVAILABILITY = YES_AGGRESSIVE;
				CLANG_WARN_UNREACHABLE_CODE = YES;
				CLANG_WARN__DUPLICATE_METHOD_MATCH = YES;
				COPY_PHASE_STRIP = NO;
				DEBUG_INFORMATION_FORMAT = "dwarf-with-dsym";
				ENABLE_NS_ASSERTIONS = NO;
				ENABLE_STRICT_OBJC_MSGSEND = YES;
				ENABLE_USER_SCRIPT_SANDBOXING = YES;
				GCC_C_LANGUAGE_STANDARD = gnu17;
				GCC_NO_COMMON_BLOCKS = YES;
				GCC_WARN_64_TO_32_BIT_CONVERSION = YES;
				GCC_WARN_ABOUT_RETURN_TYPE = YES_ERROR;
				GCC_WARN_UNDECLARED_SELECTOR = YES;
				GCC_WARN_UNINITIALIZED_AUTOS = YES_AGGRESSIVE;
				GCC_WARN_UNUSED_FUNCTION = YES;
				GCC_WARN_UNUSED_VARIABLE = YES;
				IPHONEOS_DEPLOYMENT_TARGET = 18.2;
				LOCALIZATION_PREFERS_STRING_CATALOGS = YES;
				MTL_ENABLE_DEBUG_INFO = NO;
				MTL_FAST_MATH = YES;
				SDKROOT = iphoneos;
				SWIFT_COMPILATION_MODE = wholemodule;
				VALIDATE_PRODUCT = YES;
			};
			name = Release;
		};
		C4A470A22D36DDE700A9F0A4 /* Debug */ = {
			isa = XCBuildConfiguration;
			buildSettings = {
				ASSETCATALOG_COMPILER_APPICON_NAME = AppIcon;
				ASSETCATALOG_COMPILER_GLOBAL_ACCENT_COLOR_NAME = AccentColor;
				ASSETCATALOG_COMPILER_INCLUDE_ALL_APPICON_ASSETS = NO;
				CODE_SIGN_ENTITLEMENTS = "TRICARE West/TRICARE West.entitlements";
				CODE_SIGN_STYLE = Automatic;
				CURRENT_PROJECT_VERSION = 1;
				DEVELOPMENT_ASSET_PATHS = "\"TRICARE West/Preview Content\"";
				DEVELOPMENT_TEAM = 29KW4T7KV6;
				ENABLE_PREVIEWS = YES;
				GENERATE_INFOPLIST_FILE = YES;
				INFOPLIST_FILE = "TRICARE-West-Info.plist";
				INFOPLIST_KEY_LSApplicationCategoryType = "public.app-category.healthcare-fitness";
				INFOPLIST_KEY_UIApplicationSceneManifest_Generation = YES;
				INFOPLIST_KEY_UIApplicationSupportsIndirectInputEvents = YES;
				INFOPLIST_KEY_UILaunchStoryboardName = LaunchScreen.storyboard;
				INFOPLIST_KEY_UIRequiresFullScreen = YES;
				INFOPLIST_KEY_UISupportedInterfaceOrientations_iPad = "UIInterfaceOrientationPortrait UIInterfaceOrientationPortraitUpsideDown UIInterfaceOrientationLandscapeLeft UIInterfaceOrientationLandscapeRight";
				INFOPLIST_KEY_UISupportedInterfaceOrientations_iPhone = "UIInterfaceOrientationPortrait UIInterfaceOrientationLandscapeLeft UIInterfaceOrientationLandscapeRight";
				IPHONEOS_DEPLOYMENT_TARGET = 15.6;
				LD_RUNPATH_SEARCH_PATHS = (
					"$(inherited)",
					"@executable_path/Frameworks",
				);
				MARKETING_VERSION = 1.0;
				PRODUCT_BUNDLE_IDENTIFIER = "Triwest.TRICARE-West";
				PRODUCT_NAME = "$(TARGET_NAME)";
				SWIFT_EMIT_LOC_STRINGS = YES;
				SWIFT_VERSION = 5.0;
				TARGETED_DEVICE_FAMILY = "1,2";
			};
			name = Debug;
		};
		C4A470A32D36DDE700A9F0A4 /* Release */ = {
			isa = XCBuildConfiguration;
			buildSettings = {
				ASSETCATALOG_COMPILER_APPICON_NAME = AppIcon;
				ASSETCATALOG_COMPILER_GLOBAL_ACCENT_COLOR_NAME = AccentColor;
				ASSETCATALOG_COMPILER_INCLUDE_ALL_APPICON_ASSETS = NO;
				CODE_SIGN_ENTITLEMENTS = "TRICARE West/TRICARE West.entitlements";
				CODE_SIGN_STYLE = Automatic;
				CURRENT_PROJECT_VERSION = 1;
				DEVELOPMENT_ASSET_PATHS = "\"TRICARE West/Preview Content\"";
				DEVELOPMENT_TEAM = 29KW4T7KV6;
				ENABLE_PREVIEWS = YES;
				GENERATE_INFOPLIST_FILE = YES;
				INFOPLIST_FILE = "TRICARE-West-Info.plist";
				INFOPLIST_KEY_LSApplicationCategoryType = "public.app-category.healthcare-fitness";
				INFOPLIST_KEY_UIApplicationSceneManifest_Generation = YES;
				INFOPLIST_KEY_UIApplicationSupportsIndirectInputEvents = YES;
				INFOPLIST_KEY_UILaunchStoryboardName = LaunchScreen.storyboard;
				INFOPLIST_KEY_UIRequiresFullScreen = YES;
				INFOPLIST_KEY_UISupportedInterfaceOrientations_iPad = "UIInterfaceOrientationPortrait UIInterfaceOrientationPortraitUpsideDown UIInterfaceOrientationLandscapeLeft UIInterfaceOrientationLandscapeRight";
				INFOPLIST_KEY_UISupportedInterfaceOrientations_iPhone = "UIInterfaceOrientationPortrait UIInterfaceOrientationLandscapeLeft UIInterfaceOrientationLandscapeRight";
				IPHONEOS_DEPLOYMENT_TARGET = 15.6;
				LD_RUNPATH_SEARCH_PATHS = (
					"$(inherited)",
					"@executable_path/Frameworks",
				);
				MARKETING_VERSION = 1.0;
				PRODUCT_BUNDLE_IDENTIFIER = "Triwest.TRICARE-West";
				PRODUCT_NAME = "$(TARGET_NAME)";
				SWIFT_EMIT_LOC_STRINGS = YES;
				SWIFT_VERSION = 5.0;
				TARGETED_DEVICE_FAMILY = "1,2";
			};
			name = Release;
		};
		C4A470A52D36DDE700A9F0A4 /* Debug */ = {
			isa = XCBuildConfiguration;
			buildSettings = {
				BUNDLE_LOADER = "$(TEST_HOST)";
				CODE_SIGN_STYLE = Automatic;
				CURRENT_PROJECT_VERSION = 1;
				GENERATE_INFOPLIST_FILE = YES;
				IPHONEOS_DEPLOYMENT_TARGET = 18.2;
				MARKETING_VERSION = 1.0;
				PRODUCT_BUNDLE_IDENTIFIER = "Triwest.TRICARE-WestTests";
				PRODUCT_NAME = "$(TARGET_NAME)";
				SWIFT_EMIT_LOC_STRINGS = NO;
				SWIFT_VERSION = 5.0;
				TARGETED_DEVICE_FAMILY = "1,2";
				TEST_HOST = "$(BUILT_PRODUCTS_DIR)/TRICARE West.app/$(BUNDLE_EXECUTABLE_FOLDER_PATH)/TRICARE West";
			};
			name = Debug;
		};
		C4A470A62D36DDE700A9F0A4 /* Release */ = {
			isa = XCBuildConfiguration;
			buildSettings = {
				BUNDLE_LOADER = "$(TEST_HOST)";
				CODE_SIGN_STYLE = Automatic;
				CURRENT_PROJECT_VERSION = 1;
				GENERATE_INFOPLIST_FILE = YES;
				IPHONEOS_DEPLOYMENT_TARGET = 18.2;
				MARKETING_VERSION = 1.0;
				PRODUCT_BUNDLE_IDENTIFIER = "Triwest.TRICARE-WestTests";
				PRODUCT_NAME = "$(TARGET_NAME)";
				SWIFT_EMIT_LOC_STRINGS = NO;
				SWIFT_VERSION = 5.0;
				TARGETED_DEVICE_FAMILY = "1,2";
				TEST_HOST = "$(BUILT_PRODUCTS_DIR)/TRICARE West.app/$(BUNDLE_EXECUTABLE_FOLDER_PATH)/TRICARE West";
			};
			name = Release;
		};
		C4A470A82D36DDE700A9F0A4 /* Debug */ = {
			isa = XCBuildConfiguration;
			buildSettings = {
				CODE_SIGN_STYLE = Automatic;
				CURRENT_PROJECT_VERSION = 1;
				GENERATE_INFOPLIST_FILE = YES;
				MARKETING_VERSION = 1.0;
				PRODUCT_BUNDLE_IDENTIFIER = "Triwest.TRICARE-WestUITests";
				PRODUCT_NAME = "$(TARGET_NAME)";
				SWIFT_EMIT_LOC_STRINGS = NO;
				SWIFT_VERSION = 5.0;
				TARGETED_DEVICE_FAMILY = "1,2";
				TEST_TARGET_NAME = "TRICARE West";
			};
			name = Debug;
		};
		C4A470A92D36DDE700A9F0A4 /* Release */ = {
			isa = XCBuildConfiguration;
			buildSettings = {
				CODE_SIGN_STYLE = Automatic;
				CURRENT_PROJECT_VERSION = 1;
				GENERATE_INFOPLIST_FILE = YES;
				MARKETING_VERSION = 1.0;
				PRODUCT_BUNDLE_IDENTIFIER = "Triwest.TRICARE-WestUITests";
				PRODUCT_NAME = "$(TARGET_NAME)";
				SWIFT_EMIT_LOC_STRINGS = NO;
				SWIFT_VERSION = 5.0;
				TARGETED_DEVICE_FAMILY = "1,2";
				TEST_TARGET_NAME = "TRICARE West";
			};
			name = Release;
		};
/* End XCBuildConfiguration section */

/* Begin XCConfigurationList section */
		C4A470782D36DDE500A9F0A4 /* Build configuration list for PBXProject "TRICARE West" */ = {
			isa = XCConfigurationList;
			buildConfigurations = (
				C4A4709F2D36DDE700A9F0A4 /* Debug */,
				C4A470A02D36DDE700A9F0A4 /* Release */,
			);
			defaultConfigurationIsVisible = 0;
			defaultConfigurationName = Release;
		};
		C4A470A12D36DDE700A9F0A4 /* Build configuration list for PBXNativeTarget "TRICARE West" */ = {
			isa = XCConfigurationList;
			buildConfigurations = (
				C4A470A22D36DDE700A9F0A4 /* Debug */,
				C4A470A32D36DDE700A9F0A4 /* Release */,
			);
			defaultConfigurationIsVisible = 0;
			defaultConfigurationName = Release;
		};
		C4A470A42D36DDE700A9F0A4 /* Build configuration list for PBXNativeTarget "TRICARE WestTests" */ = {
			isa = XCConfigurationList;
			buildConfigurations = (
				C4A470A52D36DDE700A9F0A4 /* Debug */,
				C4A470A62D36DDE700A9F0A4 /* Release */,
			);
			defaultConfigurationIsVisible = 0;
			defaultConfigurationName = Release;
		};
		C4A470A72D36DDE700A9F0A4 /* Build configuration list for PBXNativeTarget "TRICARE WestUITests" */ = {
			isa = XCConfigurationList;
			buildConfigurations = (
				C4A470A82D36DDE700A9F0A4 /* Debug */,
				C4A470A92D36DDE700A9F0A4 /* Release */,
			);
			defaultConfigurationIsVisible = 0;
			defaultConfigurationName = Release;
		};
/* End XCConfigurationList section */
	};
	rootObject = C4A470752D36DDE500A9F0A4 /* Project object */;
}
